{
  "name": "amm-monitor",
  "lockfileVersion": 3,
  "requires": true,
  "packages": {
    "": {
      "devDependencies": {
        "aoform": "file:../aoform"
      }
    },
    "../ao/connect/aoform": {
      "version": "1.0.0",
      "extraneous": true,
      "license": "ISC",
      "dependencies": {
        "@permaweb/ao-sdk": "^0.0.23",
        "commander": "^12.0.0",
        "dotenv": "^16.4.5",
        "js-yaml": "^4.1.0"
      },
      "bin": {
        "aoform": "bin/aoform.js"
      }
    },
    "../aoform": {
      "version": "1.0.0",
      "dev": true,
      "license": "ISC",
      "dependencies": {
        "@permaweb/ao-connect": "^0.0.27",
        "commander": "^12.0.0",
        "dotenv": "^16.4.5",
        "js-yaml": "^4.1.0"
      },
      "bin": {
        "aoform": "bin/aoform.js"
      }
    },
    "node_modules/aoform": {
      "resolved": "../aoform",
      "link": true
    }
  }
}
